<?xml version="1.0" encoding="utf-8"?>
<Project ToolsVersion="4.0" xmlns="http://schemas.microsoft.com/developer/msbuild/2003">
  <ItemGroup>
    <Filter Include="Source Files">
      <UniqueIdentifier>{4FC737F1-C7A5-4376-A066-2A32D752A2FF}</UniqueIdentifier>
      <Extensions>cpp;c;cc;cxx;def;odl;idl;hpj;bat;asm;asmx</Extensions>
    </Filter>
    <Filter Include="Header Files">
      <UniqueIdentifier>{93995380-89BD-4b04-88EB-625FBE52EBFB}</UniqueIdentifier>
      <Extensions>h;hh;hpp;hxx;hm;inl;inc;xsd</Extensions>
    </Filter>
    <Filter Include="Resource Files">
      <UniqueIdentifier>{67DA6AB6-F800-4c08-8B7A-83BB121AAD01}</UniqueIdentifier>
      <Extensions>rc;ico;cur;bmp;dlg;rc2;rct;bin;rgs;gif;jpg;jpeg;jpe;resx;tiff;tif;png;wav;mfcribbon-ms</Extensions>
    </Filter>
  </ItemGroup>
  <ItemGroup>
    <ClInclude Include="Include\SoapServer.h">
      <Filter>Header Files</Filter>
    </ClInclude>
    <ClInclude Include="Src\ClassBinding.h">
      <Filter>Header Files</Filter>
    </ClInclude>
    <ClInclude Include="Src\FieldBinding.h">
      <Filter>Header Files</Filter>
    </ClInclude>
    <ClInclude Include="Src\FunctionBinding.h">
      <Filter>Header Files</Filter>
    </ClInclude>
    <ClInclude Include="Src\NativeClassHelper.h">
      <Filter>Header Files</Filter>
    </ClInclude>
    <ClInclude Include="Src\ProtobufClassHelper.h">
      <Filter>Header Files</Filter>
    </ClInclude>
    <ClInclude Include="Src\ServiceBinding.h">
      <Filter>Header Files</Filter>
    </ClInclude>
    <ClInclude Include="Src\Util.h">
      <Filter>Header Files</Filter>
    </ClInclude>
    <ClInclude Include="Src\std.h">
      <Filter>Header Files</Filter>
    </ClInclude>
    <ClInclude Include="Src\ProtobufFieldHelper.h">
      <Filter>Header Files</Filter>
    </ClInclude>
    <ClInclude Include="Src\SoapServerInternal.h">
      <Filter>Header Files</Filter>
    </ClInclude>
    <ClInclude Include="Src\SoapProtocol.h">
      <Filter>Header Files</Filter>
    </ClInclude>
    <ClInclude Include="Src\SoapInterfaces.h">
      <Filter>Header Files</Filter>
    </ClInclude>
    <ClInclude Include="Src\SoapTcpFrame.h">
      <Filter>Header Files</Filter>
    </ClInclude>
  </ItemGroup>
  <ItemGroup>
    <ClCompile Include="Src\gsoap.cpp">
      <Filter>Source Files</Filter>
    </ClCompile>
    <ClCompile Include="Src\SoapServer.cpp">
      <Filter>Source Files</Filter>
    </ClCompile>
    <ClCompile Include="Src\ProtobufFieldHelper.cpp">
      <Filter>Source Files</Filter>
    </ClCompile>
    <ClCompile Include="Src\ProtobufClassHelper.cpp">
      <Filter>Source Files</Filter>
    </ClCompile>
    <ClCompile Include="Src\FieldBinding.cpp">
      <Filter>Source Files</Filter>
    </ClCompile>
    <ClCompile Include="Src\ClassBinding.cpp">
      <Filter>Source Files</Filter>
    </ClCompile>
    <ClCompile Include="Src\FunctionBinding.cpp">
      <Filter>Source Files</Filter>
    </ClCompile>
    <ClCompile Include="Src\ServiceBinding.cpp">
      <Filter>Source Files</Filter>
    </ClCompile>
    <ClCompile Include="Src\SoapServerInternal.cpp">
      <Filter>Source Files</Filter>
    </ClCompile>
    <ClCompile Include="Src\SoapProtocol.cpp">
      <Filter>Source Files</Filter>
    </ClCompile>
    <ClCompile Include="Src\SoapTcpFrame.cpp">
      <Filter>Source Files</Filter>
    </ClCompile>
  </ItemGroup>
</Project>